
Microsoft Visual Studio Solution File, Format Version 12.00
# Visual Studio Version 17
VisualStudioVersion = 17.8.34316.72
MinimumVisualStudioVersion = 10.0.40219.1
Project("{FAE04EC0-301F-11D3-BF4B-00C04F79EFBC}") = "Question-12", "Question-12.csproj", "{373C6DFF-64F3-4E85-97D8-51365AA850FE}"
EndProject
Global
	GlobalSection(SolutionConfigurationPlatforms) = preSolution
		Debug|Any CPU = Debug|Any CPU
		Release|Any CPU = Release|Any CPU
	EndGlobalSection
	GlobalSection(ProjectConfigurationPlatforms) = postSolution
		{373C6DFF-64F3-4E85-97D8-51365AA850FE}.Debug|Any CPU.ActiveCfg = Debug|Any CPU
		{373C6DFF-64F3-4E85-97D8-51365AA850FE}.Debug|Any CPU.Build.0 = Debug|Any CPU
		{373C6DFF-64F3-4E85-97D8-51365AA850FE}.Release|Any CPU.ActiveCfg = Release|Any CPU
		{373C6DFF-64F3-4E85-97D8-51365AA850FE}.Release|Any CPU.Build.0 = Release|Any CPU
	EndGlobalSection
	GlobalSection(SolutionProperties) = preSolution
		HideSolutionNode = FALSE
	EndGlobalSection
	GlobalSection(ExtensibilityGlobals) = postSolution
		SolutionGuid = {7779B8B9-FA8B-4483-AD34-2C2C48443B83}
	EndGlobalSection
EndGlobal
