
Microsoft Visual Studio Solution File, Format Version 12.00
# Visual Studio Version 17
VisualStudioVersion = 17.8.34316.72
MinimumVisualStudioVersion = 10.0.40219.1
Project("{FAE04EC0-301F-11D3-BF4B-00C04F79EFBC}") = "Question-5", "Question-5.csproj", "{64304FC7-19BA-43A7-B84D-956BF7C07F7A}"
EndProject
Global
	GlobalSection(SolutionConfigurationPlatforms) = preSolution
		Debug|Any CPU = Debug|Any CPU
		Release|Any CPU = Release|Any CPU
	EndGlobalSection
	GlobalSection(ProjectConfigurationPlatforms) = postSolution
		{64304FC7-19BA-43A7-B84D-956BF7C07F7A}.Debug|Any CPU.ActiveCfg = Debug|Any CPU
		{64304FC7-19BA-43A7-B84D-956BF7C07F7A}.Debug|Any CPU.Build.0 = Debug|Any CPU
		{64304FC7-19BA-43A7-B84D-956BF7C07F7A}.Release|Any CPU.ActiveCfg = Release|Any CPU
		{64304FC7-19BA-43A7-B84D-956BF7C07F7A}.Release|Any CPU.Build.0 = Release|Any CPU
	EndGlobalSection
	GlobalSection(SolutionProperties) = preSolution
		HideSolutionNode = FALSE
	EndGlobalSection
	GlobalSection(ExtensibilityGlobals) = postSolution
		SolutionGuid = {30401264-2310-4AF0-AF3F-85DC7A2B7F85}
	EndGlobalSection
EndGlobal
