
Microsoft Visual Studio Solution File, Format Version 12.00
# Visual Studio Version 17
VisualStudioVersion = 17.8.34316.72
MinimumVisualStudioVersion = 10.0.40219.1
Project("{FAE04EC0-301F-11D3-BF4B-00C04F79EFBC}") = "Question-11", "Question-11.csproj", "{5FF7B496-6B9F-471A-8688-1B7B27351AA9}"
EndProject
Global
	GlobalSection(SolutionConfigurationPlatforms) = preSolution
		Debug|Any CPU = Debug|Any CPU
		Release|Any CPU = Release|Any CPU
	EndGlobalSection
	GlobalSection(ProjectConfigurationPlatforms) = postSolution
		{5FF7B496-6B9F-471A-8688-1B7B27351AA9}.Debug|Any CPU.ActiveCfg = Debug|Any CPU
		{5FF7B496-6B9F-471A-8688-1B7B27351AA9}.Debug|Any CPU.Build.0 = Debug|Any CPU
		{5FF7B496-6B9F-471A-8688-1B7B27351AA9}.Release|Any CPU.ActiveCfg = Release|Any CPU
		{5FF7B496-6B9F-471A-8688-1B7B27351AA9}.Release|Any CPU.Build.0 = Release|Any CPU
	EndGlobalSection
	GlobalSection(SolutionProperties) = preSolution
		HideSolutionNode = FALSE
	EndGlobalSection
	GlobalSection(ExtensibilityGlobals) = postSolution
		SolutionGuid = {C34AC350-2B9E-45D5-92E0-0AA94DF27D9D}
	EndGlobalSection
EndGlobal
