
Microsoft Visual Studio Solution File, Format Version 12.00
# Visual Studio Version 17
VisualStudioVersion = 17.8.34316.72
MinimumVisualStudioVersion = 10.0.40219.1
Project("{FAE04EC0-301F-11D3-BF4B-00C04F79EFBC}") = "Question-15", "Question-15.csproj", "{C9909988-E7AE-400E-8E3D-CD80F25113DF}"
EndProject
Global
	GlobalSection(SolutionConfigurationPlatforms) = preSolution
		Debug|Any CPU = Debug|Any CPU
		Release|Any CPU = Release|Any CPU
	EndGlobalSection
	GlobalSection(ProjectConfigurationPlatforms) = postSolution
		{C9909988-E7AE-400E-8E3D-CD80F25113DF}.Debug|Any CPU.ActiveCfg = Debug|Any CPU
		{C9909988-E7AE-400E-8E3D-CD80F25113DF}.Debug|Any CPU.Build.0 = Debug|Any CPU
		{C9909988-E7AE-400E-8E3D-CD80F25113DF}.Release|Any CPU.ActiveCfg = Release|Any CPU
		{C9909988-E7AE-400E-8E3D-CD80F25113DF}.Release|Any CPU.Build.0 = Release|Any CPU
	EndGlobalSection
	GlobalSection(SolutionProperties) = preSolution
		HideSolutionNode = FALSE
	EndGlobalSection
	GlobalSection(ExtensibilityGlobals) = postSolution
		SolutionGuid = {E22970BF-9447-4400-857C-4E58A691A715}
	EndGlobalSection
EndGlobal
