
Microsoft Visual Studio Solution File, Format Version 12.00
# Visual Studio Version 17
VisualStudioVersion = 17.8.34316.72
MinimumVisualStudioVersion = 10.0.40219.1
Project("{FAE04EC0-301F-11D3-BF4B-00C04F79EFBC}") = "Question-20", "Question-20.csproj", "{64E4E85B-3C66-465A-BD95-C40F084D53C0}"
EndProject
Global
	GlobalSection(SolutionConfigurationPlatforms) = preSolution
		Debug|Any CPU = Debug|Any CPU
		Release|Any CPU = Release|Any CPU
	EndGlobalSection
	GlobalSection(ProjectConfigurationPlatforms) = postSolution
		{64E4E85B-3C66-465A-BD95-C40F084D53C0}.Debug|Any CPU.ActiveCfg = Debug|Any CPU
		{64E4E85B-3C66-465A-BD95-C40F084D53C0}.Debug|Any CPU.Build.0 = Debug|Any CPU
		{64E4E85B-3C66-465A-BD95-C40F084D53C0}.Release|Any CPU.ActiveCfg = Release|Any CPU
		{64E4E85B-3C66-465A-BD95-C40F084D53C0}.Release|Any CPU.Build.0 = Release|Any CPU
	EndGlobalSection
	GlobalSection(SolutionProperties) = preSolution
		HideSolutionNode = FALSE
	EndGlobalSection
	GlobalSection(ExtensibilityGlobals) = postSolution
		SolutionGuid = {0BF0114D-D6E2-43A1-BEA3-40A15F7DAA33}
	EndGlobalSection
EndGlobal
