
Microsoft Visual Studio Solution File, Format Version 12.00
# Visual Studio Version 17
VisualStudioVersion = 17.8.34316.72
MinimumVisualStudioVersion = 10.0.40219.1
Project("{FAE04EC0-301F-11D3-BF4B-00C04F79EFBC}") = "Question-3", "Question-3.csproj", "{909DF40B-CA2C-4518-97D8-6A62AC2E6633}"
EndProject
Global
	GlobalSection(SolutionConfigurationPlatforms) = preSolution
		Debug|Any CPU = Debug|Any CPU
		Release|Any CPU = Release|Any CPU
	EndGlobalSection
	GlobalSection(ProjectConfigurationPlatforms) = postSolution
		{909DF40B-CA2C-4518-97D8-6A62AC2E6633}.Debug|Any CPU.ActiveCfg = Debug|Any CPU
		{909DF40B-CA2C-4518-97D8-6A62AC2E6633}.Debug|Any CPU.Build.0 = Debug|Any CPU
		{909DF40B-CA2C-4518-97D8-6A62AC2E6633}.Release|Any CPU.ActiveCfg = Release|Any CPU
		{909DF40B-CA2C-4518-97D8-6A62AC2E6633}.Release|Any CPU.Build.0 = Release|Any CPU
	EndGlobalSection
	GlobalSection(SolutionProperties) = preSolution
		HideSolutionNode = FALSE
	EndGlobalSection
	GlobalSection(ExtensibilityGlobals) = postSolution
		SolutionGuid = {7C14B333-4F27-4AAD-8794-DBA8CD53E53F}
	EndGlobalSection
EndGlobal
