
Microsoft Visual Studio Solution File, Format Version 12.00
# Visual Studio Version 17
VisualStudioVersion = 17.8.34316.72
MinimumVisualStudioVersion = 10.0.40219.1
Project("{FAE04EC0-301F-11D3-BF4B-00C04F79EFBC}") = "Question-9", "Question-9.csproj", "{D879E216-6CCB-49A5-9E5E-225219C3F018}"
EndProject
Global
	GlobalSection(SolutionConfigurationPlatforms) = preSolution
		Debug|Any CPU = Debug|Any CPU
		Release|Any CPU = Release|Any CPU
	EndGlobalSection
	GlobalSection(ProjectConfigurationPlatforms) = postSolution
		{D879E216-6CCB-49A5-9E5E-225219C3F018}.Debug|Any CPU.ActiveCfg = Debug|Any CPU
		{D879E216-6CCB-49A5-9E5E-225219C3F018}.Debug|Any CPU.Build.0 = Debug|Any CPU
		{D879E216-6CCB-49A5-9E5E-225219C3F018}.Release|Any CPU.ActiveCfg = Release|Any CPU
		{D879E216-6CCB-49A5-9E5E-225219C3F018}.Release|Any CPU.Build.0 = Release|Any CPU
	EndGlobalSection
	GlobalSection(SolutionProperties) = preSolution
		HideSolutionNode = FALSE
	EndGlobalSection
	GlobalSection(ExtensibilityGlobals) = postSolution
		SolutionGuid = {31E7EC1C-CB41-49FA-9657-F3331DC418A3}
	EndGlobalSection
EndGlobal
