
Microsoft Visual Studio Solution File, Format Version 12.00
# Visual Studio Version 17
VisualStudioVersion = 17.8.34316.72
MinimumVisualStudioVersion = 10.0.40219.1
Project("{FAE04EC0-301F-11D3-BF4B-00C04F79EFBC}") = "Question-27", "Question-27.csproj", "{2AEF6649-657B-4F49-8459-B5E40F620F5D}"
EndProject
Global
	GlobalSection(SolutionConfigurationPlatforms) = preSolution
		Debug|Any CPU = Debug|Any CPU
		Release|Any CPU = Release|Any CPU
	EndGlobalSection
	GlobalSection(ProjectConfigurationPlatforms) = postSolution
		{2AEF6649-657B-4F49-8459-B5E40F620F5D}.Debug|Any CPU.ActiveCfg = Debug|Any CPU
		{2AEF6649-657B-4F49-8459-B5E40F620F5D}.Debug|Any CPU.Build.0 = Debug|Any CPU
		{2AEF6649-657B-4F49-8459-B5E40F620F5D}.Release|Any CPU.ActiveCfg = Release|Any CPU
		{2AEF6649-657B-4F49-8459-B5E40F620F5D}.Release|Any CPU.Build.0 = Release|Any CPU
	EndGlobalSection
	GlobalSection(SolutionProperties) = preSolution
		HideSolutionNode = FALSE
	EndGlobalSection
	GlobalSection(ExtensibilityGlobals) = postSolution
		SolutionGuid = {CDCA7299-7E4E-41A5-AC11-43FA8DCAD079}
	EndGlobalSection
EndGlobal
